
Microsoft Visual Studio Solution File, Format Version 12.00
Project("{2150E333-8FDC-42A3-9474-1A3956D46DE8}") = "src", "src", "{93E9ADA7-FB8C-4AF8-A284-6BC7576C77B2}"
EndProject
Project("{FAE04EC0-301F-11D3-BF4B-00C04F79EFBC}") = "Infrastructure", "src\Infrastructure\Infrastructure.csproj", "{264B3CE3-39F5-452C-A758-FC28D1F171DF}"
EndProject
Project("{FAE04EC0-301F-11D3-BF4B-00C04F79EFBC}") = "Application", "src\Application\Application.csproj", "{2298945C-FE03-4D00-9C9C-D6CDBD443835}"
EndProject
Project("{FAE04EC0-301F-11D3-BF4B-00C04F79EFBC}") = "Domain", "src\Domain\Domain.csproj", "{C9E81FCE-58A5-4ED1-8703-EC6FDBA10FD8}"
EndProject
Project("{FAE04EC0-301F-11D3-BF4B-00C04F79EFBC}") = "Presentation", "Presentation\Presentation.csproj", "{648D6C0F-FC93-40FD-BA80-D43ED3D8F5BF}"
EndProject
Global
	GlobalSection(SolutionConfigurationPlatforms) = preSolution
		Debug|Any CPU = Debug|Any CPU
		Release|Any CPU = Release|Any CPU
	EndGlobalSection
	GlobalSection(ProjectConfigurationPlatforms) = postSolution
		{264B3CE3-39F5-452C-A758-FC28D1F171DF}.Debug|Any CPU.ActiveCfg = Debug|Any CPU
		{264B3CE3-39F5-452C-A758-FC28D1F171DF}.Debug|Any CPU.Build.0 = Debug|Any CPU
		{264B3CE3-39F5-452C-A758-FC28D1F171DF}.Release|Any CPU.ActiveCfg = Release|Any CPU
		{264B3CE3-39F5-452C-A758-FC28D1F171DF}.Release|Any CPU.Build.0 = Release|Any CPU
		{2298945C-FE03-4D00-9C9C-D6CDBD443835}.Debug|Any CPU.ActiveCfg = Debug|Any CPU
		{2298945C-FE03-4D00-9C9C-D6CDBD443835}.Debug|Any CPU.Build.0 = Debug|Any CPU
		{2298945C-FE03-4D00-9C9C-D6CDBD443835}.Release|Any CPU.ActiveCfg = Release|Any CPU
		{2298945C-FE03-4D00-9C9C-D6CDBD443835}.Release|Any CPU.Build.0 = Release|Any CPU
		{C9E81FCE-58A5-4ED1-8703-EC6FDBA10FD8}.Debug|Any CPU.ActiveCfg = Debug|Any CPU
		{C9E81FCE-58A5-4ED1-8703-EC6FDBA10FD8}.Debug|Any CPU.Build.0 = Debug|Any CPU
		{C9E81FCE-58A5-4ED1-8703-EC6FDBA10FD8}.Release|Any CPU.ActiveCfg = Release|Any CPU
		{C9E81FCE-58A5-4ED1-8703-EC6FDBA10FD8}.Release|Any CPU.Build.0 = Release|Any CPU
		{648D6C0F-FC93-40FD-BA80-D43ED3D8F5BF}.Debug|Any CPU.ActiveCfg = Debug|Any CPU
		{648D6C0F-FC93-40FD-BA80-D43ED3D8F5BF}.Debug|Any CPU.Build.0 = Debug|Any CPU
		{648D6C0F-FC93-40FD-BA80-D43ED3D8F5BF}.Release|Any CPU.ActiveCfg = Release|Any CPU
		{648D6C0F-FC93-40FD-BA80-D43ED3D8F5BF}.Release|Any CPU.Build.0 = Release|Any CPU
	EndGlobalSection
	GlobalSection(NestedProjects) = preSolution
		{264B3CE3-39F5-452C-A758-FC28D1F171DF} = {93E9ADA7-FB8C-4AF8-A284-6BC7576C77B2}
		{2298945C-FE03-4D00-9C9C-D6CDBD443835} = {93E9ADA7-FB8C-4AF8-A284-6BC7576C77B2}
		{C9E81FCE-58A5-4ED1-8703-EC6FDBA10FD8} = {93E9ADA7-FB8C-4AF8-A284-6BC7576C77B2}
		{648D6C0F-FC93-40FD-BA80-D43ED3D8F5BF} = {93E9ADA7-FB8C-4AF8-A284-6BC7576C77B2}
	EndGlobalSection
EndGlobal
